<?xml version="1.0" encoding="utf-8"?>
<Project ToolsVersion="4.0" xmlns="http://schemas.microsoft.com/developer/msbuild/2003">
  <ItemGroup>
    <Filter Include="Source Files">
      <UniqueIdentifier>{4FC737F1-C7A5-4376-A066-2A32D752A2FF}</UniqueIdentifier>
      <Extensions>cpp;c;cc;cxx;c++;cppm;ixx;def;odl;idl;hpj;bat;asm;asmx</Extensions>
    </Filter>
    <Filter Include="Header Files">
      <UniqueIdentifier>{93995380-89BD-4b04-88EB-625FBE52EBFB}</UniqueIdentifier>
      <Extensions>h;hh;hpp;hxx;h++;hm;inl;inc;ipp;xsd</Extensions>
    </Filter>
    <Filter Include="Resource Files">
      <UniqueIdentifier>{67DA6AB6-F800-4c08-8B7A-83BB121AAD01}</UniqueIdentifier>
      <Extensions>rc;ico;cur;bmp;dlg;rc2;rct;bin;rgs;gif;jpg;jpeg;jpe;resx;tiff;tif;png;wav;mfcribbon-ms</Extensions>
    </Filter>
  </ItemGroup>
  <ItemGroup>
    <ClCompile Include="src\activations.c">
      <Filter>Source Files</Filter>
    </ClCompile>
    <ClCompile Include="src\batchnorm.c">
      <Filter>Source Files</Filter>
    </ClCompile>
    <ClCompile Include="src\cfg.c">
      <Filter>Source Files</Filter>
    </ClCompile>
    <ClCompile Include="src\data.c">
      <Filter>Source Files</Filter>
    </ClCompile>
    <ClCompile Include="src\data_classify.c">
      <Filter>Source Files</Filter>
    </ClCompile>
    <ClCompile Include="src\data_detect.c">
      <Filter>Source Files</Filter>
    </ClCompile>
    <ClCompile Include="src\derivatives.c">
      <Filter>Source Files</Filter>
    </ClCompile>
    <ClCompile Include="src\gemm.c">
      <Filter>Source Files</Filter>
    </ClCompile>
    <ClCompile Include="src\im2col.c">
      <Filter>Source Files</Filter>
    </ClCompile>
    <ClCompile Include="src\image.c">
      <Filter>Source Files</Filter>
    </ClCompile>
    <ClCompile Include="src\layer_classify.c">
      <Filter>Source Files</Filter>
    </ClCompile>
    <ClCompile Include="src\layer_conv.c">
      <Filter>Source Files</Filter>
    </ClCompile>
    <ClCompile Include="src\layer_maxpool.c">
      <Filter>Source Files</Filter>
    </ClCompile>
    <ClCompile Include="src\list.c">
      <Filter>Source Files</Filter>
    </ClCompile>
    <ClCompile Include="src\locmacro.c">
      <Filter>Source Files</Filter>
    </ClCompile>
    <ClCompile Include="src\loss.c">
      <Filter>Source Files</Filter>
    </ClCompile>
    <ClCompile Include="src\nardenet.c">
      <Filter>Source Files</Filter>
    </ClCompile>
    <ClCompile Include="src\network.c">
      <Filter>Source Files</Filter>
    </ClCompile>
    <ClCompile Include="src\stbimage.c">
      <Filter>Source Files</Filter>
    </ClCompile>
    <ClCompile Include="src\train.c">
      <Filter>Source Files</Filter>
    </ClCompile>
    <ClCompile Include="src\utils.c">
      <Filter>Source Files</Filter>
    </ClCompile>
    <ClCompile Include="src\xallocs.c">
      <Filter>Source Files</Filter>
    </ClCompile>
    <ClCompile Include="src\xarrays.c">
      <Filter>Source Files</Filter>
    </ClCompile>
    <ClCompile Include="src\xopencv.cpp">
      <Filter>Source Files</Filter>
    </ClCompile>
    <ClCompile Include="src\layer_residual.c">
      <Filter>Source Files</Filter>
    </ClCompile>
    <ClCompile Include="src\layer_detect.c">
      <Filter>Source Files</Filter>
    </ClCompile>
    <ClCompile Include="src\iou.c">
      <Filter>Source Files</Filter>
    </ClCompile>
    <ClCompile Include="src\state.c">
      <Filter>Source Files</Filter>
    </ClCompile>
    <ClCompile Include="src\layer_avgpool.c">
      <Filter>Source Files</Filter>
    </ClCompile>
    <ClCompile Include="src\layer_upsample.c">
      <Filter>Source Files</Filter>
    </ClCompile>
    <ClCompile Include="src\layer_route.c">
      <Filter>Source Files</Filter>
    </ClCompile>
    <ClCompile Include="src\xcuda.c">
      <Filter>Source Files</Filter>
    </ClCompile>
  </ItemGroup>
  <ItemGroup>
    <ClInclude Include="src\activations.h">
      <Filter>Header Files</Filter>
    </ClInclude>
    <ClInclude Include="src\batchnorm.h">
      <Filter>Header Files</Filter>
    </ClInclude>
    <ClInclude Include="src\cfg.h">
      <Filter>Header Files</Filter>
    </ClInclude>
    <ClInclude Include="src\data.h">
      <Filter>Header Files</Filter>
    </ClInclude>
    <ClInclude Include="src\data_classify.h">
      <Filter>Header Files</Filter>
    </ClInclude>
    <ClInclude Include="src\data_detect.h">
      <Filter>Header Files</Filter>
    </ClInclude>
    <ClInclude Include="src\derivatives.h">
      <Filter>Header Files</Filter>
    </ClInclude>
    <ClInclude Include="src\gemm.h">
      <Filter>Header Files</Filter>
    </ClInclude>
    <ClInclude Include="src\im2col.h">
      <Filter>Header Files</Filter>
    </ClInclude>
    <ClInclude Include="src\image.h">
      <Filter>Header Files</Filter>
    </ClInclude>
    <ClInclude Include="src\layer_classify.h">
      <Filter>Header Files</Filter>
    </ClInclude>
    <ClInclude Include="src\layer_conv.h">
      <Filter>Header Files</Filter>
    </ClInclude>
    <ClInclude Include="src\layer_maxpool.h">
      <Filter>Header Files</Filter>
    </ClInclude>
    <ClInclude Include="src\lib_api.h">
      <Filter>Header Files</Filter>
    </ClInclude>
    <ClInclude Include="src\list.h">
      <Filter>Header Files</Filter>
    </ClInclude>
    <ClInclude Include="src\locmacro.h">
      <Filter>Header Files</Filter>
    </ClInclude>
    <ClInclude Include="src\loss.h">
      <Filter>Header Files</Filter>
    </ClInclude>
    <ClInclude Include="src\nardenet.h">
      <Filter>Header Files</Filter>
    </ClInclude>
    <ClInclude Include="src\network.h">
      <Filter>Header Files</Filter>
    </ClInclude>
    <ClInclude Include="src\stb_image.h">
      <Filter>Header Files</Filter>
    </ClInclude>
    <ClInclude Include="src\stb_image_write.h">
      <Filter>Header Files</Filter>
    </ClInclude>
    <ClInclude Include="src\stbimage.h">
      <Filter>Header Files</Filter>
    </ClInclude>
    <ClInclude Include="src\train.h">
      <Filter>Header Files</Filter>
    </ClInclude>
    <ClInclude Include="src\utils.h">
      <Filter>Header Files</Filter>
    </ClInclude>
    <ClInclude Include="src\xallocs.h">
      <Filter>Header Files</Filter>
    </ClInclude>
    <ClInclude Include="src\xarrays.h">
      <Filter>Header Files</Filter>
    </ClInclude>
    <ClInclude Include="src\xopencv.h">
      <Filter>Header Files</Filter>
    </ClInclude>
    <ClInclude Include="src\layer_residual.h">
      <Filter>Header Files</Filter>
    </ClInclude>
    <ClInclude Include="src\layer_detect.h">
      <Filter>Header Files</Filter>
    </ClInclude>
    <ClInclude Include="src\iou.h">
      <Filter>Header Files</Filter>
    </ClInclude>
    <ClInclude Include="src\state.h">
      <Filter>Header Files</Filter>
    </ClInclude>
    <ClInclude Include="src\layer_avgpool.h">
      <Filter>Header Files</Filter>
    </ClInclude>
    <ClInclude Include="src\layer_upsample.h">
      <Filter>Header Files</Filter>
    </ClInclude>
    <ClInclude Include="src\layer_route.h">
      <Filter>Header Files</Filter>
    </ClInclude>
    <ClInclude Include="src\xcuda.h">
      <Filter>Header Files</Filter>
    </ClInclude>
  </ItemGroup>
  <ItemGroup>
    <None Include="src\cpp.hint">
      <Filter>Header Files</Filter>
    </None>
  </ItemGroup>
  <ItemGroup>
    <CudaCompile Include="src\kernels.cu">
      <Filter>Source Files</Filter>
    </CudaCompile>
  </ItemGroup>
</Project>