<?xml version="1.0" encoding="utf-8"?>
<Project ToolsVersion="4.0" xmlns="http://schemas.microsoft.com/developer/msbuild/2003">
  <ItemGroup>
    <Filter Include="Source Files">
      <UniqueIdentifier>{4FC737F1-C7A5-4376-A066-2A32D752A2FF}</UniqueIdentifier>
      <Extensions>cpp;c;cc;cxx;c++;cppm;ixx;def;odl;idl;hpj;bat;asm;asmx</Extensions>
    </Filter>
    <Filter Include="Header Files">
      <UniqueIdentifier>{93995380-89BD-4b04-88EB-625FBE52EBFB}</UniqueIdentifier>
      <Extensions>h;hh;hpp;hxx;h++;hm;inl;inc;ipp;xsd</Extensions>
    </Filter>
    <Filter Include="Resource Files">
      <UniqueIdentifier>{67DA6AB6-F800-4c08-8B7A-83BB121AAD01}</UniqueIdentifier>
      <Extensions>rc;ico;cur;bmp;dlg;rc2;rct;bin;rgs;gif;jpg;jpeg;jpe;resx;tiff;tif;png;wav;mfcribbon-ms</Extensions>
    </Filter>
  </ItemGroup>
  <ItemGroup>
    <ClInclude Include="network.h">
      <Filter>Header Files</Filter>
    </ClInclude>
    <ClInclude Include="nardenet.h">
      <Filter>Header Files</Filter>
    </ClInclude>
    <ClInclude Include="xallocs.h">
      <Filter>Header Files</Filter>
    </ClInclude>
    <ClInclude Include="file_utils.h">
      <Filter>Header Files</Filter>
    </ClInclude>
    <ClInclude Include="list.h">
      <Filter>Header Files</Filter>
    </ClInclude>
    <ClInclude Include="cfg.h">
      <Filter>Header Files</Filter>
    </ClInclude>
    <ClInclude Include="utils.h">
      <Filter>Header Files</Filter>
    </ClInclude>
    <ClInclude Include="xarrays.h">
      <Filter>Header Files</Filter>
    </ClInclude>
    <ClInclude Include="layer_conv.h">
      <Filter>Header Files</Filter>
    </ClInclude>
    <ClInclude Include="image.h">
      <Filter>Header Files</Filter>
    </ClInclude>
    <ClInclude Include="xopencv.h">
      <Filter>Header Files</Filter>
    </ClInclude>
    <ClInclude Include="lib_api.h">
      <Filter>Header Files</Filter>
    </ClInclude>
    <ClInclude Include="locmacro.h">
      <Filter>Header Files</Filter>
    </ClInclude>
    <ClInclude Include="train.h">
      <Filter>Header Files</Filter>
    </ClInclude>
    <ClInclude Include="layer_classify.h">
      <Filter>Header Files</Filter>
    </ClInclude>
    <ClInclude Include="im2col.h">
      <Filter>Header Files</Filter>
    </ClInclude>
    <ClInclude Include="gemm.h">
      <Filter>Header Files</Filter>
    </ClInclude>
    <ClInclude Include="activations.h">
      <Filter>Header Files</Filter>
    </ClInclude>
  </ItemGroup>
  <ItemGroup>
    <ClCompile Include="network.c">
      <Filter>Source Files</Filter>
    </ClCompile>
    <ClCompile Include="nardenet.c">
      <Filter>Source Files</Filter>
    </ClCompile>
    <ClCompile Include="xallocs.c">
      <Filter>Source Files</Filter>
    </ClCompile>
    <ClCompile Include="file_utils.c">
      <Filter>Source Files</Filter>
    </ClCompile>
    <ClCompile Include="list.c">
      <Filter>Source Files</Filter>
    </ClCompile>
    <ClCompile Include="cfg.c">
      <Filter>Source Files</Filter>
    </ClCompile>
    <ClCompile Include="utils.c">
      <Filter>Source Files</Filter>
    </ClCompile>
    <ClCompile Include="xarrays.c">
      <Filter>Source Files</Filter>
    </ClCompile>
    <ClCompile Include="layer_conv.c">
      <Filter>Source Files</Filter>
    </ClCompile>
    <ClCompile Include="image.c">
      <Filter>Source Files</Filter>
    </ClCompile>
    <ClCompile Include="xopencv.cpp">
      <Filter>Source Files</Filter>
    </ClCompile>
    <ClCompile Include="locmacro.c">
      <Filter>Source Files</Filter>
    </ClCompile>
    <ClCompile Include="train.c">
      <Filter>Source Files</Filter>
    </ClCompile>
    <ClCompile Include="layer_classify.c">
      <Filter>Source Files</Filter>
    </ClCompile>
    <ClCompile Include="im2col.c">
      <Filter>Source Files</Filter>
    </ClCompile>
    <ClCompile Include="gemm.c">
      <Filter>Source Files</Filter>
    </ClCompile>
    <ClCompile Include="activations.c">
      <Filter>Source Files</Filter>
    </ClCompile>
  </ItemGroup>
  <ItemGroup>
    <None Include="cpp.hint" />
  </ItemGroup>
</Project>